
Microsoft Visual Studio Solution File, Format Version 12.00
# Visual Studio Version 17
VisualStudioVersion = 17.5.33627.172
MinimumVisualStudioVersion = 10.0.40219.1
Project("{FAE04EC0-301F-11D3-BF4B-00C04F79EFBC}") = "Tienda", "Tienda.csproj", "{4BB0D050-1B10-4CF1-9B01-0B9F83B9B212}"
EndProject
Global
	GlobalSection(SolutionConfigurationPlatforms) = preSolution
		Debug|Any CPU = Debug|Any CPU
		Release|Any CPU = Release|Any CPU
	EndGlobalSection
	GlobalSection(ProjectConfigurationPlatforms) = postSolution
		{4BB0D050-1B10-4CF1-9B01-0B9F83B9B212}.Debug|Any CPU.ActiveCfg = Debug|Any CPU
		{4BB0D050-1B10-4CF1-9B01-0B9F83B9B212}.Debug|Any CPU.Build.0 = Debug|Any CPU
		{4BB0D050-1B10-4CF1-9B01-0B9F83B9B212}.Release|Any CPU.ActiveCfg = Release|Any CPU
		{4BB0D050-1B10-4CF1-9B01-0B9F83B9B212}.Release|Any CPU.Build.0 = Release|Any CPU
	EndGlobalSection
	GlobalSection(SolutionProperties) = preSolution
		HideSolutionNode = FALSE
	EndGlobalSection
	GlobalSection(ExtensibilityGlobals) = postSolution
		SolutionGuid = {BAD0DA14-2CC5-4F3B-8907-9C6F626A6514}
	EndGlobalSection
EndGlobal
